%{
  "absinthe_client": {:git, "https://github.com/bonfire-networks/absinthe_client", "ceeb7c3bb8ac5348c399653a06eaaee3bbd47d8f", []},
  "activity_pub": {:git, "https://github.com/bonfire-networks/activity_pub", "9db06a8a053dcbc4d80de23e7838f35422b3c5a6", []},
  "bonfire_api_graphql": {:git, "https://github.com/bonfire-networks/bonfire_api_graphql", "dc60e7742a27f632e98107de8b8eab27c22e21ef", []},
  "bonfire_boundaries": {:git, "https://github.com/bonfire-networks/bonfire_boundaries", "151f043f17e084a18e19724356c5abdc775e066c", []},
  "bonfire_common": {:git, "https://github.com/bonfire-networks/bonfire_common", "7674c71e278602205b0dae126e423b9efdf3176d", []},
  "bonfire_data_access_control": {:git, "https://github.com/bonfire-networks/bonfire_data_access_control", "9994601d8256aaf3cd35aabdeded94f2366b84ea", []},
  "bonfire_data_activity_pub": {:git, "https://github.com/bonfire-networks/bonfire_data_activity_pub", "3cf9cc7db3fc229c6949ee3fb415aa5524633daa", []},
  "bonfire_data_edges": {:git, "https://github.com/bonfire-networks/bonfire_data_edges", "bb581f89e1a03cd3a74766676c3eebb2d56cee58", []},
  "bonfire_data_identity": {:git, "https://github.com/bonfire-networks/bonfire_data_identity", "7669b0ae06b208b5ec3a57df326dddb67ef1f235", []},
  "bonfire_data_social": {:git, "https://github.com/bonfire-networks/bonfire_data_social", "28ecca1f105d9e7c4ef27e2f37e932688e9d093d", []},
  "bonfire_ecto": {:git, "https://github.com/bonfire-networks/bonfire_ecto", "fd567fd674b286400d457415698f089027118751", []},
  "bonfire_epics": {:git, "https://github.com/bonfire-networks/bonfire_epics", "365fc195158b33d19aa386ceb7d0b1e25237049a", []},
  "bonfire_fail": {:git, "https://github.com/bonfire-networks/bonfire_fail", "14abdf50301852f01932454fe8d4392de2c5070f", []},
  "bonfire_files": {:git, "https://github.com/bonfire-networks/bonfire_files", "350ed1360d6656e823e356f01aec7a19f36336a8", []},
  "bonfire_mailer": {:git, "https://github.com/bonfire-networks/bonfire_mailer", "a056c38298ac6cbc8c76d7a1e3b44e1ae4d925c3", []},
  "bonfire_me": {:git, "https://github.com/bonfire-networks/bonfire_me", "30b955470a42a208cdfe8c3d89c9d4a382c28e2d", []},
  "bonfire_tag": {:git, "https://github.com/bonfire-networks/bonfire_tag", "8e3c87f97aa7cd7d611cff1d2b56e309219a5b5f", []},
  "bonfire_ui_common": {:git, "https://github.com/bonfire-networks/bonfire_ui_common", "6d99feaf9e262422ae95f8963d9d0fb7e4d3ffe7", []},
  "ecto_materialized_path": {:git, "https://github.com/bonfire-networks/ecto_materialized_path", "5400b058d7ddd24379db3662c29b51d0cec82756", []},
  "ecto_shorts": {:git, "https://github.com/bonfire-networks/ecto_shorts", "34ac78036b249aec833ae357f69195e46306f817", [branch: "refactor/attempt1"]},
  "entrepot": {:git, "https://github.com/bonfire-networks/entrepot", "c75704d8b4b76dbd2277b52822fa77ec8dc207aa", []},
  "entrepot_ecto": {:git, "https://github.com/bonfire-networks/entrepot_ecto", "5ea4af9af6b648e2cf58a2ceb2eb8e9c36c2b226", []},
  "exkismet": {:git, "https://github.com/tcitworld/exkismet", "68830454608d315f69d5fe1061ac1bf31c1a856e", [branch: "update-project"]},
  "http_signatures": {:git, "https://github.com/bonfire-networks/http_signatures", "276839e90e8d2fb17d415502c6c5f0e3f744e88f", []},
  "iconify_ex": {:git, "https://github.com/bonfire-networks/iconify_ex", "4e59aa9ee1c9c63752a91d3e05281100b58e20bd", []},
  "linkify": {:git, "https://github.com/bonfire-networks/linkify", "a8c14b67616e63326f901b25f80147a9dbaffd6b", []},
  "needle_uid": {:git, "https://github.com/bonfire-networks/needle_uid", "3ec02ce42d96498db286a619a31a40eda2df7fa7", []},
  "needle_ulid": {:git, "https://github.com/bonfire-networks/needle_ulid", "c663d2b3fc698b81220c05af221c8433b8049f53", []},
  "paginator": {:git, "https://github.com/bonfire-networks/paginator", "4ef7ab27b5661ea97b01b1cd2d6a9b2a8cf28c2f", []},
  "phoenix_gon": {:git, "https://github.com/bonfire-networks/phoenix_gon", "47db70596e42077f67b4b7a1df158322e65ee0ed", []},
  "plug_http_validator": {:git, "https://github.com/bonfire-networks/plug_http_validator", "dbc277f8a328bc44107174fb1770b1376337697a", [branch: "pr-naive-datetime"]},
  "twinkle_star": {:git, "https://github.com/bonfire-networks/twinkle_star", "476f464e38c5409438246ca15e42e44b527ca257", []},
  "unfurl": {:git, "https://github.com/bonfire-networks/unfurl", "9e750913d852197b97b30568c55ad4fd000946b9", []},
  "verbs": {:git, "https://github.com/shannonwells/verbs_ex", "afa4693964dae0d9aceb60a73f1766c6d4f68d25", []},
}
